
Microsoft Visual Studio Solution File, Format Version 12.00
# Visual Studio 15
VisualStudioVersion = 15.0.28307.852
MinimumVisualStudioVersion = 10.0.40219.1
Project("{FAE04EC0-301F-11D3-BF4B-00C04F79EFBC}") = "Ahorcado", "Ahorcado\Ahorcado.csproj", "{3B1C44F5-8BFB-46BF-AC5A-EFAE95C95FED}"
EndProject
Global
	GlobalSection(SolutionConfigurationPlatforms) = preSolution
		Debug|Any CPU = Debug|Any CPU
		Release|Any CPU = Release|Any CPU
	EndGlobalSection
	GlobalSection(ProjectConfigurationPlatforms) = postSolution
		{3B1C44F5-8BFB-46BF-AC5A-EFAE95C95FED}.Debug|Any CPU.ActiveCfg = Debug|Any CPU
		{3B1C44F5-8BFB-46BF-AC5A-EFAE95C95FED}.Debug|Any CPU.Build.0 = Debug|Any CPU
		{3B1C44F5-8BFB-46BF-AC5A-EFAE95C95FED}.Release|Any CPU.ActiveCfg = Release|Any CPU
		{3B1C44F5-8BFB-46BF-AC5A-EFAE95C95FED}.Release|Any CPU.Build.0 = Release|Any CPU
	EndGlobalSection
	GlobalSection(SolutionProperties) = preSolution
		HideSolutionNode = FALSE
	EndGlobalSection
	GlobalSection(ExtensibilityGlobals) = postSolution
		SolutionGuid = {E2CABB89-D556-4000-90B2-D802C9CED8CC}
	EndGlobalSection
EndGlobal
